
Microsoft Visual Studio Solution File, Format Version 12.00
# Visual Studio Version 16
VisualStudioVersion = 16.0.29418.71
MinimumVisualStudioVersion = 10.0.40219.1
Project("{9A19103F-16F7-4668-BE54-9A1E7A4F7556}") = "UserService", "UserService\UserService.csproj", "{99B207F2-A59F-44D6-A5C1-D73EE5DCF082}"
EndProject
Global
	GlobalSection(SolutionConfigurationPlatforms) = preSolution
		Debug|Any CPU = Debug|Any CPU
		Release|Any CPU = Release|Any CPU
	EndGlobalSection
	GlobalSection(ProjectConfigurationPlatforms) = postSolution
		{99B207F2-A59F-44D6-A5C1-D73EE5DCF082}.Debug|Any CPU.ActiveCfg = Debug|Any CPU
		{99B207F2-A59F-44D6-A5C1-D73EE5DCF082}.Debug|Any CPU.Build.0 = Debug|Any CPU
		{99B207F2-A59F-44D6-A5C1-D73EE5DCF082}.Release|Any CPU.ActiveCfg = Release|Any CPU
		{99B207F2-A59F-44D6-A5C1-D73EE5DCF082}.Release|Any CPU.Build.0 = Release|Any CPU
	EndGlobalSection
	GlobalSection(SolutionProperties) = preSolution
		HideSolutionNode = FALSE
	EndGlobalSection
	GlobalSection(ExtensibilityGlobals) = postSolution
		SolutionGuid = {C2833C95-A79D-40BD-BD2B-AD2DE13D2351}
	EndGlobalSection
EndGlobal
